PODS:
  - AFNetworking (2.6.3):
    - AFNetworking/NSURLConnection (= 2.6.3)
    - AFNetworking/NSURLSession (= 2.6.3)
    - AFNetworking/Reachability (= 2.6.3)
    - AFNetworking/Security (= 2.6.3)
    - AFNetworking/Serialization (= 2.6.3)
    - AFNetworking/UIKit (= 2.6.3)
  - AFNetworking/NSURLConnection (2.6.3):
    - AFNetworking/Reachability
    - AFNetworking/Security
    - AFNetworking/Serialization
  - AFNetworking/NSURLSession (2.6.3):
    - AFNetworking/Reachability
    - AFNetworking/Security
    - AFNetworking/Serialization
  - AFNetworking/Reachability (2.6.3)
  - AFNetworking/Security (2.6.3)
  - AFNetworking/Serialization (2.6.3)
  - AFNetworking/UIKit (2.6.3):
    - AFNetworking/NSURLConnection
    - AFNetworking/NSURLSession
  - BaiduMapKit (3.0.0)
  - Bugly (2.4.0)
  - IQKeyboardManager (3.3.7)
  - JPush (2.1.8)
  - MBProgressHUD (1.0.0)
  - MJExtension (3.0.13)
  - MMDrawerController (0.6.0):
    - MMDrawerController/Core (= 0.6.0)
    - MMDrawerController/MMDrawerBarButtonItem (= 0.6.0)
    - MMDrawerController/MMDrawerVisualStates (= 0.6.0)
    - MMDrawerController/Subclass (= 0.6.0)
  - MMDrawerController/Core (0.6.0)
  - MMDrawerController/MMDrawerBarButtonItem (0.6.0):
    - MMDrawerController/Core
  - MMDrawerController/MMDrawerVisualStates (0.6.0):
    - MMDrawerController/Core
  - MMDrawerController/Subclass (0.6.0):
    - MMDrawerController/Core
  - MOBFoundation (2.0.10)
  - SDCycleScrollView (1.65):
    - SDWebImage (~> 3.7)
  - SDWebImage (3.8.1):
    - SDWebImage/Core (= 3.8.1)
  - SDWebImage/Core (3.8.1)
  - ShareSDK3 (3.4.1):
    - ShareSDK3/ShareSDK (= 3.4.1)
  - ShareSDK3/ShareSDK (3.4.1)
  - ShareSDK3/ShareSDKPlatforms/QQ (3.4.1)
  - ShareSDK3/ShareSDKPlatforms/WeChat (3.4.1)
  - UIView+AutoLayout (2.0.1)

DEPENDENCIES:
  - AFNetworking (~> 2.6.0)
  - BaiduMapKit
  - Bugly
  - IQKeyboardManager
  - JPush
  - MBProgressHUD
  - MJExtension
  - MMDrawerController
  - MOBFoundation
  - SDCycleScrollView
  - SDWebImage
  - ShareSDK3
  - ShareSDK3/ShareSDKPlatforms/QQ
  - ShareSDK3/ShareSDKPlatforms/WeChat
  - UIView+AutoLayout

SPEC CHECKSUMS:
  AFNetworking: cb8d14a848e831097108418f5d49217339d4eb60
  BaiduMapKit: de2a726d5296d6b2dc0e974b683af73153608dcd
  Bugly: 3b56d8365c5687f74fd6fbb50c5b7ede3cdac96c
  IQKeyboardManager: 249c3946acf61345c18b038eb50863fe2793e3a8
  JPush: 2d1286494eae216433f6d7709b2721565b4babc9
  MBProgressHUD: 4890f671c94e8a0f3cf959aa731e9de2f036d71a
  MJExtension: 5932755f451458eefa24239358817f8d291240c7
  MMDrawerController: e3a54a5570388463ad3b36975251575b50c4e1a0
  MOBFoundation: be1a5556482800c5c3515f8fbd32770a6622bd42
  SDCycleScrollView: f72904c77698a7f93a41bcbbc2d78b073bf7326c
  SDWebImage: 35f9627a3e44b4f292a8a8ce6a531fa488239b91
  ShareSDK3: e7bcdfeb95338f89efd6fff82b4793d2bfee76f8
  UIView+AutoLayout: 9eb76d5e72974e5b96c0350624d8f17ddb405ee0

PODFILE CHECKSUM: 8287a3db6fbb2755211442495d9d71f2fc529d1c

COCOAPODS: 1.0.1
